
Microsoft Visual Studio Solution File, Format Version 12.00
# Visual Studio Version 16
VisualStudioVersion = 16.0.29806.167
MinimumVisualStudioVersion = 10.0.40219.1
Project("{FAE04EC0-301F-11D3-BF4B-00C04F79EFBC}") = "RecipeFinder", "RecipeFinder\RecipeFinder.csproj", "{B0531239-2179-4FBF-9B66-7317FD0F0A5A}"
EndProject
Global
	GlobalSection(SolutionConfigurationPlatforms) = preSolution
		Debug|Any CPU = Debug|Any CPU
		Release|Any CPU = Release|Any CPU
	EndGlobalSection
	GlobalSection(ProjectConfigurationPlatforms) = postSolution
		{B0531239-2179-4FBF-9B66-7317FD0F0A5A}.Debug|Any CPU.ActiveCfg = Debug|Any CPU
		{B0531239-2179-4FBF-9B66-7317FD0F0A5A}.Debug|Any CPU.Build.0 = Debug|Any CPU
		{B0531239-2179-4FBF-9B66-7317FD0F0A5A}.Release|Any CPU.ActiveCfg = Release|Any CPU
		{B0531239-2179-4FBF-9B66-7317FD0F0A5A}.Release|Any CPU.Build.0 = Release|Any CPU
	EndGlobalSection
	GlobalSection(SolutionProperties) = preSolution
		HideSolutionNode = FALSE
	EndGlobalSection
	GlobalSection(ExtensibilityGlobals) = postSolution
		SolutionGuid = {E0C0CE6D-9CE1-445C-989F-A2FF9BAE0D75}
	EndGlobalSection
EndGlobal
